
Microsoft Visual Studio Solution File, Format Version 12.00
# Visual Studio Version 16
VisualStudioVersion = 16.0.29102.190
MinimumVisualStudioVersion = 10.0.40219.1
Project("{9A19103F-16F7-4668-BE54-9A1E7A4F7556}") = "Domain", "Domain\Domain.csproj", "{C7CF02E4-9DB6-40CA-8CD3-E52DF81ADB02}"
EndProject
Project("{9A19103F-16F7-4668-BE54-9A1E7A4F7556}") = "Tests - Shared", "Tests - Shared\Tests - Shared.csproj", "{262C599F-562B-4F3E-B653-B28893B2E9B7}"
EndProject
Project("{9A19103F-16F7-4668-BE54-9A1E7A4F7556}") = "Tests - Unit", "Tests - Unit\Tests - Unit.csproj", "{0ED8EB48-16A2-45D3-A784-F53EDA60EF6D}"
EndProject
Project("{9A19103F-16F7-4668-BE54-9A1E7A4F7556}") = "Tests - Speed", "Tests - Speed\Tests - Speed.csproj", "{12AE881E-9B94-429F-9A9B-ECBB03D6E06B}"
EndProject
Project("{9A19103F-16F7-4668-BE54-9A1E7A4F7556}") = "App", "App\App.csproj", "{9FCF8EC3-7E53-436D-8E39-EEED4C10D922}"
EndProject
Global
	GlobalSection(SolutionConfigurationPlatforms) = preSolution
		Debug|Any CPU = Debug|Any CPU
		Debug|x86 = Debug|x86
		Release|Any CPU = Release|Any CPU
		Release|x86 = Release|x86
	EndGlobalSection
	GlobalSection(ProjectConfigurationPlatforms) = postSolution
		{C7CF02E4-9DB6-40CA-8CD3-E52DF81ADB02}.Debug|Any CPU.ActiveCfg = Debug|Any CPU
		{C7CF02E4-9DB6-40CA-8CD3-E52DF81ADB02}.Debug|Any CPU.Build.0 = Debug|Any CPU
		{C7CF02E4-9DB6-40CA-8CD3-E52DF81ADB02}.Debug|x86.ActiveCfg = Debug|Any CPU
		{C7CF02E4-9DB6-40CA-8CD3-E52DF81ADB02}.Debug|x86.Build.0 = Debug|Any CPU
		{C7CF02E4-9DB6-40CA-8CD3-E52DF81ADB02}.Release|Any CPU.ActiveCfg = Release|Any CPU
		{C7CF02E4-9DB6-40CA-8CD3-E52DF81ADB02}.Release|Any CPU.Build.0 = Release|Any CPU
		{C7CF02E4-9DB6-40CA-8CD3-E52DF81ADB02}.Release|x86.ActiveCfg = Release|Any CPU
		{C7CF02E4-9DB6-40CA-8CD3-E52DF81ADB02}.Release|x86.Build.0 = Release|Any CPU
		{262C599F-562B-4F3E-B653-B28893B2E9B7}.Debug|Any CPU.ActiveCfg = Debug|Any CPU
		{262C599F-562B-4F3E-B653-B28893B2E9B7}.Debug|Any CPU.Build.0 = Debug|Any CPU
		{262C599F-562B-4F3E-B653-B28893B2E9B7}.Debug|x86.ActiveCfg = Debug|Any CPU
		{262C599F-562B-4F3E-B653-B28893B2E9B7}.Debug|x86.Build.0 = Debug|Any CPU
		{262C599F-562B-4F3E-B653-B28893B2E9B7}.Release|Any CPU.ActiveCfg = Release|Any CPU
		{262C599F-562B-4F3E-B653-B28893B2E9B7}.Release|Any CPU.Build.0 = Release|Any CPU
		{262C599F-562B-4F3E-B653-B28893B2E9B7}.Release|x86.ActiveCfg = Release|Any CPU
		{262C599F-562B-4F3E-B653-B28893B2E9B7}.Release|x86.Build.0 = Release|Any CPU
		{0ED8EB48-16A2-45D3-A784-F53EDA60EF6D}.Debug|Any CPU.ActiveCfg = Debug|Any CPU
		{0ED8EB48-16A2-45D3-A784-F53EDA60EF6D}.Debug|Any CPU.Build.0 = Debug|Any CPU
		{0ED8EB48-16A2-45D3-A784-F53EDA60EF6D}.Debug|x86.ActiveCfg = Debug|Any CPU
		{0ED8EB48-16A2-45D3-A784-F53EDA60EF6D}.Debug|x86.Build.0 = Debug|Any CPU
		{0ED8EB48-16A2-45D3-A784-F53EDA60EF6D}.Release|Any CPU.ActiveCfg = Release|Any CPU
		{0ED8EB48-16A2-45D3-A784-F53EDA60EF6D}.Release|Any CPU.Build.0 = Release|Any CPU
		{0ED8EB48-16A2-45D3-A784-F53EDA60EF6D}.Release|x86.ActiveCfg = Release|Any CPU
		{0ED8EB48-16A2-45D3-A784-F53EDA60EF6D}.Release|x86.Build.0 = Release|Any CPU
		{12AE881E-9B94-429F-9A9B-ECBB03D6E06B}.Debug|Any CPU.ActiveCfg = Debug|Any CPU
		{12AE881E-9B94-429F-9A9B-ECBB03D6E06B}.Debug|Any CPU.Build.0 = Debug|Any CPU
		{12AE881E-9B94-429F-9A9B-ECBB03D6E06B}.Debug|x86.ActiveCfg = Debug|Any CPU
		{12AE881E-9B94-429F-9A9B-ECBB03D6E06B}.Debug|x86.Build.0 = Debug|Any CPU
		{12AE881E-9B94-429F-9A9B-ECBB03D6E06B}.Release|Any CPU.ActiveCfg = Release|Any CPU
		{12AE881E-9B94-429F-9A9B-ECBB03D6E06B}.Release|Any CPU.Build.0 = Release|Any CPU
		{12AE881E-9B94-429F-9A9B-ECBB03D6E06B}.Release|x86.ActiveCfg = Release|Any CPU
		{12AE881E-9B94-429F-9A9B-ECBB03D6E06B}.Release|x86.Build.0 = Release|Any CPU
		{9FCF8EC3-7E53-436D-8E39-EEED4C10D922}.Debug|Any CPU.ActiveCfg = Debug|Any CPU
		{9FCF8EC3-7E53-436D-8E39-EEED4C10D922}.Debug|Any CPU.Build.0 = Debug|Any CPU
		{9FCF8EC3-7E53-436D-8E39-EEED4C10D922}.Debug|x86.ActiveCfg = Debug|Any CPU
		{9FCF8EC3-7E53-436D-8E39-EEED4C10D922}.Debug|x86.Build.0 = Debug|Any CPU
		{9FCF8EC3-7E53-436D-8E39-EEED4C10D922}.Release|Any CPU.ActiveCfg = Release|Any CPU
		{9FCF8EC3-7E53-436D-8E39-EEED4C10D922}.Release|Any CPU.Build.0 = Release|Any CPU
		{9FCF8EC3-7E53-436D-8E39-EEED4C10D922}.Release|x86.ActiveCfg = Release|Any CPU
		{9FCF8EC3-7E53-436D-8E39-EEED4C10D922}.Release|x86.Build.0 = Release|Any CPU
	EndGlobalSection
	GlobalSection(SolutionProperties) = preSolution
		HideSolutionNode = FALSE
	EndGlobalSection
	GlobalSection(ExtensibilityGlobals) = postSolution
		SolutionGuid = {0E571F6C-2A74-49E6-A3DA-9EE9EC8E9E60}
	EndGlobalSection
EndGlobal
